// !$*UTF8*$!
{
	archiveVersion = 1;
	classes = {
	};
	objectVersion = 50;
	objects = {

/* Begin PBXBuildFile section */
		71419D0B234DEBD200A12A52 /* AppDelegate.swift in Sources */ = {isa = PBXBuildFile; fileRef = 71419D0A234DEBD200A12A52 /* AppDelegate.swift */; };
		71419D0D234DEBD200A12A52 /* SceneDelegate.swift in Sources */ = {isa = PBXBuildFile; fileRef = 71419D0C234DEBD200A12A52 /* SceneDelegate.swift */; };
		71419D0F234DEBD200A12A52 /* ViewController.swift in Sources */ = {isa = PBXBuildFile; fileRef = 71419D0E234DEBD200A12A52 /* ViewController.swift */; };
		71419D12234DEBD200A12A52 /* Main.storyboard in Resources */ = {isa = PBXBuildFile; fileRef = 71419D10234DEBD200A12A52 /* Main.storyboard */; };
		71419D14234DEBE600A12A52 /* Assets.xcassets in Resources */ = {isa = PBXBuildFile; fileRef = 71419D13234DEBE600A12A52 /* Assets.xcassets */; };
		71419D17234DEBE600A12A52 /* LaunchScreen.storyboard in Resources */ = {isa = PBXBuildFile; fileRef = 71419D15234DEBE600A12A52 /* LaunchScreen.storyboard */; };
/* End PBXBuildFile section */

/* Begin PBXFileReference section */
		71419D07234DEBD200A12A52 /* ex01.app */ = {isa = PBXFileReference; explicitFileType = wrapper.application; includeInIndex = 0; path = ex01.app; sourceTree = BUILT_PRODUCTS_DIR; };
		71419D0A234DEBD200A12A52 /* AppDelegate.swift */ = {isa = PBXFileReference; lastKnownFileType = sourcecode.swift; path = AppDelegate.swift; sourceTree = "<group>"; };
		71419D0C234DEBD200A12A52 /* SceneDelegate.swift */ = {isa = PBXFileReference; lastKnownFileType = sourcecode.swift; path = SceneDelegate.swift; sourceTree = "<group>"; };
		71419D0E234DEBD200A12A52 /* ViewController.swift */ = {isa = PBXFileReference; lastKnownFileType = sourcecode.swift; path = ViewController.swift; sourceTree = "<group>"; };
		71419D11234DEBD200A12A52 /* Base */ = {isa = PBXFileReference; lastKnownFileType = file.storyboard; name = Base; path = Base.lproj/Main.storyboard; sourceTree = "<group>"; };
		71419D13234DEBE600A12A52 /* Assets.xcassets */ = {isa = PBXFileReference; lastKnownFileType = folder.assetcatalog; path = Assets.xcassets; sourceTree = "<group>"; };
		71419D16234DEBE600A12A52 /* Base */ = {isa = PBXFileReference; lastKnownFileType = file.storyboard; name = Base; path = Base.lproj/LaunchScreen.storyboard; sourceTree = "<group>"; };
		71419D18234DEBE600A12A52 /* Info.plist */ = {isa = PBXFileReference; lastKnownFileType = text.plist.xml; path = Info.plist; sourceTree = "<group>"; };
/* End PBXFileReference section */

/* Begin PBXFrameworksBuildPhase section */
		71419D04234DEBD200A12A52 /* Frameworks */ = {
			isa = PBXFrameworksBuildPhase;
			buildActionMask = 2147483647;
			files = (
			);
			runOnlyForDeploymentPostprocessing = 0;
		};
/* End PBXFrameworksBuildPhase section */

/* Begin PBXGroup section */
		71419CFE234DEBD200A12A52 = {
			isa = PBXGroup;
			children = (
				71419D09234DEBD200A12A52 /* ex01 */,
				71419D08234DEBD200A12A52 /* Products */,
			);
			sourceTree = "<group>";
		};
		71419D08234DEBD200A12A52 /* Products */ = {
			isa = PBXGroup;
			children = (
				71419D07234DEBD200A12A52 /* ex01.app */,
			);
			name = Products;
			sourceTree = "<group>";
		};
		71419D09234DEBD200A12A52 /* ex01 */ = {
			isa = PBXGroup;
			children = (
				71419D0A234DEBD200A12A52 /* AppDelegate.swift */,
				71419D0C234DEBD200A12A52 /* SceneDelegate.swift */,
				71419D0E234DEBD200A12A52 /* ViewController.swift */,
				71419D10234DEBD200A12A52 /* Main.storyboard */,
				71419D13234DEBE600A12A52 /* Assets.xcassets */,
				71419D15234DEBE600A12A52 /* LaunchScreen.storyboard */,
				71419D18234DEBE600A12A52 /* Info.plist */,
			);
			path = ex01;
			sourceTree = "<group>";
		};
/* End PBXGroup section */

/* Begin PBXNativeTarget section */
		71419D06234DEBD200A12A52 /* ex01 */ = {
			isa = PBXNativeTarget;
			buildConfigurationList = 71419D1B234DEBE600A12A52 /* Build configuration list for PBXNativeTarget "ex01" */;
			buildPhases = (
				71419D03234DEBD200A12A52 /* Sources */,
				71419D04234DEBD200A12A52 /* Frameworks */,
				71419D05234DEBD200A12A52 /* Resources */,
			);
			buildRules = (
			);
			dependencies = (
			);
			name = ex01;
			productName = ex01;
			productReference = 71419D07234DEBD200A12A52 /* ex01.app */;
			productType = "com.apple.product-type.application";
		};
/* End PBXNativeTarget section */

/* Begin PBXProject section */
		71419CFF234DEBD200A12A52 /* Project object */ = {
			isa = PBXProject;
			attributes = {
				LastSwiftUpdateCheck = 1110;
				LastUpgradeCheck = 1110;
				ORGANIZATIONNAME = "Kabelo MASHAO";
				TargetAttributes = {
					71419D06234DEBD200A12A52 = {
						CreatedOnToolsVersion = 11.1;
					};
				};
			};
			buildConfigurationList = 71419D02234DEBD200A12A52 /* Build configuration list for PBXProject "ex01" */;
			compatibilityVersion = "Xcode 9.3";
			developmentRegion = en;
			hasScannedForEncodings = 0;
			knownRegions = (
				en,
				Base,
			);
			mainGroup = 71419CFE234DEBD200A12A52;
			productRefGroup = 71419D08234DEBD200A12A52 /* Products */;
			projectDirPath = "";
			projectRoot = "";
			targets = (
				71419D06234DEBD200A12A52 /* ex01 */,
			);
		};
/* End PBXProject section */

/* Begin PBXResourcesBuildPhase section */
		71419D05234DEBD200A12A52 /* Resources */ = {
			isa = PBXResourcesBuildPhase;
			buildActionMask = 2147483647;
			files = (
				71419D17234DEBE600A12A52 /* LaunchScreen.storyboard in Resources */,
				71419D14234DEBE600A12A52 /* Assets.xcassets in Resources */,
				71419D12234DEBD200A12A52 /* Main.storyboard in Resources */,
			);
			runOnlyForDeploymentPostprocessing = 0;
		};
/* End PBXResourcesBuildPhase section */

/* Begin PBXSourcesBuildPhase section */
		71419D03234DEBD200A12A52 /* Sources */ = {
			isa = PBXSourcesBuildPhase;
			buildActionMask = 2147483647;
			files = (
				71419D0F234DEBD200A12A52 /* ViewController.swift in Sources */,
				71419D0B234DEBD200A12A52 /* AppDelegate.swift in Sources */,
				71419D0D234DEBD200A12A52 /* SceneDelegate.swift in Sources */,
			);
			runOnlyForDeploymentPostprocessing = 0;
		};
/* End PBXSourcesBuildPhase section */

/* Begin PBXVariantGroup section */
		71419D10234DEBD200A12A52 /* Main.storyboard */ = {
			isa = PBXVariantGroup;
			children = (
				71419D11234DEBD200A12A52 /* Base */,
			);
			name = Main.storyboard;
			sourceTree = "<group>";
		};
		71419D15234DEBE600A12A52 /* LaunchScreen.storyboard */ = {
			isa = PBXVariantGroup;
			children = (
				71419D16234DEBE600A12A52 /* Base */,
			);
			name = LaunchScreen.storyboard;
			sourceTree = "<group>";
		};
/* End PBXVariantGroup section */

/* Begin XCBuildConfiguration section */
		71419D19234DEBE600A12A52 /* Debug */ = {
			isa = XCBuildConfiguration;
			buildSettings = {
				ALWAYS_SEARCH_USER_PATHS = NO;
				CLANG_ANALYZER_NONNULL = YES;
				CLANG_ANALYZER_NUMBER_OBJECT_CONVERSION = YES_AGGRESSIVE;
				CLANG_CXX_LANGUAGE_STANDARD = "gnu++14";
				CLANG_CXX_LIBRARY = "libc++";
				CLANG_ENABLE_MODULES = YES;
				CLANG_ENABLE_OBJC_ARC = YES;
				CLANG_ENABLE_OBJC_WEAK = YES;
				CLANG_WARN_BLOCK_CAPTURE_AUTORELEASING = YES;
				CLANG_WARN_BOOL_CONVERSION = YES;
				CLANG_WARN_COMMA = YES;
				CLANG_WARN_CONSTANT_CONVERSION = YES;
				CLANG_WARN_DEPRECATED_OBJC_IMPLEMENTATIONS = YES;
				CLANG_WARN_DIRECT_OBJC_ISA_USAGE = YES_ERROR;
				CLANG_WARN_DOCUMENTATION_COMMENTS = YES;
				CLANG_WARN_EMPTY_BODY = YES;
				CLANG_WARN_ENUM_CONVERSION = YES;
				CLANG_WARN_INFINITE_RECURSION = YES;
				CLANG_WARN_INT_CONVERSION = YES;
				CLANG_WARN_NON_LITERAL_NULL_CONVERSION = YES;
				CLANG_WARN_OBJC_IMPLICIT_RETAIN_SELF = YES;
				CLANG_WARN_OBJC_LITERAL_CONVERSION = YES;
				CLANG_WARN_OBJC_ROOT_CLASS = YES_ERROR;
				CLANG_WARN_RANGE_LOOP_ANALYSIS = YES;
				CLANG_WARN_STRICT_PROTOTYPES = YES;
				CLANG_WARN_SUSPICIOUS_MOVE = YES;
				CLANG_WARN_UNGUARDED_AVAILABILITY = YES_AGGRESSIVE;
				CLANG_WARN_UNREACHABLE_CODE = YES;
				CLANG_WARN__DUPLICATE_METHOD_MATCH = YES;
				COPY_PHASE_STRIP = NO;
				DEBUG_INFORMATION_FORMAT = dwarf;
				ENABLE_STRICT_OBJC_MSGSEND = YES;
				ENABLE_TESTABILITY = YES;
				GCC_C_LANGUAGE_STANDARD = gnu11;
				GCC_DYNAMIC_NO_PIC = NO;
				GCC_NO_COMMON_BLOCKS = YES;
				GCC_OPTIMIZATION_LEVEL = 0;
				GCC_PREPROCESSOR_DEFINITIONS = (
					"DEBUG=1",
					"$(inherited)",
				);
				GCC_WARN_64_TO_32_BIT_CONVERSION = YES;
				GCC_WARN_ABOUT_RETURN_TYPE = YES_ERROR;
				GCC_WARN_UNDECLARED_SELECTOR = YES;
				GCC_WARN_UNINITIALIZED_AUTOS = YES_AGGRESSIVE;
				GCC_WARN_UNUSED_FUNCTION = YES;
				GCC_WARN_UNUSED_VARIABLE = YES;
				IPHONEOS_DEPLOYMENT_TARGET = 13.1;
				MTL_ENABLE_DEBUG_INFO = INCLUDE_SOURCE;
				MTL_FAST_MATH = YES;
				ONLY_ACTIVE_ARCH = YES;
				SDKROOT = iphoneos;
				SWIFT_ACTIVE_COMPILATION_CONDITIONS = DEBUG;
				SWIFT_OPTIMIZATION_LEVEL = "-Onone";
			};
			name = Debug;
		};
		71419D1A234DEBE600A12A52 /* Release */ = {
			isa = XCBuildConfiguration;
			buildSettings = {
				ALWAYS_SEARCH_USER_PATHS = NO;
				CLANG_ANALYZER_NONNULL = YES;
				CLANG_ANALYZER_NUMBER_OBJECT_CONVERSION = YES_AGGRESSIVE;
				CLANG_CXX_LANGUAGE_STANDARD = "gnu++14";
				CLANG_CXX_LIBRARY = "libc++";
				CLANG_ENABLE_MODULES = YES;
				CLANG_ENABLE_OBJC_ARC = YES;
				CLANG_ENABLE_OBJC_WEAK = YES;
				CLANG_WARN_BLOCK_CAPTURE_AUTORELEASING = YES;
				CLANG_WARN_BOOL_CONVERSION = YES;
				CLANG_WARN_COMMA = YES;
				CLANG_WARN_CONSTANT_CONVERSION = YES;
				CLANG_WARN_DEPRECATED_OBJC_IMPLEMENTATIONS = YES;
				CLANG_WARN_DIRECT_OBJC_ISA_USAGE = YES_ERROR;
				CLANG_WARN_DOCUMENTATION_COMMENTS = YES;
				CLANG_WARN_EMPTY_BODY = YES;
				CLANG_WARN_ENUM_CONVERSION = YES;
				CLANG_WARN_INFINITE_RECURSION = YES;
				CLANG_WARN_INT_CONVERSION = YES;
				CLANG_WARN_NON_LITERAL_NULL_CONVERSION = YES;
				CLANG_WARN_OBJC_IMPLICIT_RETAIN_SELF = YES;
				CLANG_WARN_OBJC_LITERAL_CONVERSION = YES;
				CLANG_WARN_OBJC_ROOT_CLASS = YES_ERROR;
				CLANG_WARN_RANGE_LOOP_ANALYSIS = YES;
				CLANG_WARN_STRICT_PROTOTYPES = YES;
				CLANG_WARN_SUSPICIOUS_MOVE = YES;
				CLANG_WARN_UNGUARDED_AVAILABILITY = YES_AGGRESSIVE;
				CLANG_WARN_UNREACHABLE_CODE = YES;
				CLANG_WARN__DUPLICATE_METHOD_MATCH = YES;
				COPY_PHASE_STRIP = NO;
				DEBUG_INFORMATION_FORMAT = "dwarf-with-dsym";
				ENABLE_NS_ASSERTIONS = NO;
				ENABLE_STRICT_OBJC_MSGSEND = YES;
				GCC_C_LANGUAGE_STANDARD = gnu11;
				GCC_NO_COMMON_BLOCKS = YES;
				GCC_WARN_64_TO_32_BIT_CONVERSION = YES;
				GCC_WARN_ABOUT_RETURN_TYPE = YES_ERROR;
				GCC_WARN_UNDECLARED_SELECTOR = YES;
				GCC_WARN_UNINITIALIZED_AUTOS = YES_AGGRESSIVE;
				GCC_WARN_UNUSED_FUNCTION = YES;
				GCC_WARN_UNUSED_VARIABLE = YES;
				IPHONEOS_DEPLOYMENT_TARGET = 13.1;
				MTL_ENABLE_DEBUG_INFO = NO;
				MTL_FAST_MATH = YES;
				SDKROOT = iphoneos;
				SWIFT_COMPILATION_MODE = wholemodule;
				SWIFT_OPTIMIZATION_LEVEL = "-O";
				VALIDATE_PRODUCT = YES;
			};
			name = Release;
		};
		71419D1C234DEBE600A12A52 /* Debug */ = {
			isa = XCBuildConfiguration;
			buildSettings = {
				ASSETCATALOG_COMPILER_APPICON_NAME = AppIcon;
				CODE_SIGN_STYLE = Automatic;
				INFOPLIST_FILE = ex01/Info.plist;
				LD_RUNPATH_SEARCH_PATHS = (
					"$(inherited)",
					"@executable_path/Frameworks",
				);
				PRODUCT_BUNDLE_IDENTIFIER = za.co.wtc.ex01;
				PRODUCT_NAME = "$(TARGET_NAME)";
				SWIFT_VERSION = 5.0;
				TARGETED_DEVICE_FAMILY = "1,2";
			};
			name = Debug;
		};
		71419D1D234DEBE600A12A52 /* Release */ = {
			isa = XCBuildConfiguration;
			buildSettings = {
				ASSETCATALOG_COMPILER_APPICON_NAME = AppIcon;
				CODE_SIGN_STYLE = Automatic;
				INFOPLIST_FILE = ex01/Info.plist;
				LD_RUNPATH_SEARCH_PATHS = (
					"$(inherited)",
					"@executable_path/Frameworks",
				);
				PRODUCT_BUNDLE_IDENTIFIER = za.co.wtc.ex01;
				PRODUCT_NAME = "$(TARGET_NAME)";
				SWIFT_VERSION = 5.0;
				TARGETED_DEVICE_FAMILY = "1,2";
			};
			name = Release;
		};
/* End XCBuildConfiguration section */

/* Begin XCConfigurationList section */
		71419D02234DEBD200A12A52 /* Build configuration list for PBXProject "ex01" */ = {
			isa = XCConfigurationList;
			buildConfigurations = (
				71419D19234DEBE600A12A52 /* Debug */,
				71419D1A234DEBE600A12A52 /* Release */,
			);
			defaultConfigurationIsVisible = 0;
			defaultConfigurationName = Release;
		};
		71419D1B234DEBE600A12A52 /* Build configuration list for PBXNativeTarget "ex01" */ = {
			isa = XCConfigurationList;
			buildConfigurations = (
				71419D1C234DEBE600A12A52 /* Debug */,
				71419D1D234DEBE600A12A52 /* Release */,
			);
			defaultConfigurationIsVisible = 0;
			defaultConfigurationName = Release;
		};
/* End XCConfigurationList section */
	};
	rootObject = 71419CFF234DEBD200A12A52 /* Project object */;
}
